{
  "nodes": {
    "nixpkgs": {
      "locked": {
        "lastModified": 1789684949,
        "narHash": "sha256-ZKhUe/2IJUq1JhKxKMu8rbkgSGmPP2ZCqlIPn40aGCM=",
        "owner": "NixOS",
        "repo": "nixpkgs",
        "rev": "e554fab72f81915600f3f449b786fd9af40439a5",
        "type": "github"
      },
      "original": {
        "owner": "NixOS",
        "ref": "nixos-unstable",
        "repo": "nixpkgs",
        "type": "github"
      }
    },
    "noctalia": {
      "inputs": {
        "nixpkgs": [
          "nixpkgs"
        ]
      },
      "locked": {
        "lastModified": 1789053136,
        "narHash": "sha256-A7ehoEnAJw4k1Qwpr/WkOkLXWZAVU970uB+sm6nBxP0=",
        "owner": "noctalia-dev",
        "repo": "noctalia",
        "rev": "c7b9197af77ff22bfb9a83c52a95643a1d90ca86",
        "type": "github"
      },
      "original": {
        "owner": "noctalia-dev",
        "ref": "v5.1.0",
        "repo": "noctalia",
        "type": "github"
      }
    },
    "root": {
      "inputs": {
        "nixpkgs": "nixpkgs",
        "noctalia": "noctalia"
      }
    }
  },
  "root": "root",
  "version": 7
}
